
Microsoft Visual Studio Solution File, Format Version 12.00
# Visual Studio Version 17
VisualStudioVersion = 17.7.34031.279
MinimumVisualStudioVersion = 10.0.40219.1
Project("{8BC9CEB8-8B4A-11D0-8D11-00A0C91BC942}") = "LabGit", "LabGit\LabGit.vcxproj", "{6754C9DA-E42E-455E-A789-CC0F64520D65}"
EndProject
Global
	GlobalSection(SolutionConfigurationPlatforms) = preSolution
		Debug|x64 = Debug|x64
		Debug|x86 = Debug|x86
		Release|x64 = Release|x64
		Release|x86 = Release|x86
	EndGlobalSection
	GlobalSection(ProjectConfigurationPlatforms) = postSolution
		{6754C9DA-E42E-455E-A789-CC0F64520D65}.Debug|x64.ActiveCfg = Debug|x64
		{6754C9DA-E42E-455E-A789-CC0F64520D65}.Debug|x64.Build.0 = Debug|x64
		{6754C9DA-E42E-455E-A789-CC0F64520D65}.Debug|x86.ActiveCfg = Debug|Win32
		{6754C9DA-E42E-455E-A789-CC0F64520D65}.Debug|x86.Build.0 = Debug|Win32
		{6754C9DA-E42E-455E-A789-CC0F64520D65}.Release|x64.ActiveCfg = Release|x64
		{6754C9DA-E42E-455E-A789-CC0F64520D65}.Release|x64.Build.0 = Release|x64
		{6754C9DA-E42E-455E-A789-CC0F64520D65}.Release|x86.ActiveCfg = Release|Win32
		{6754C9DA-E42E-455E-A789-CC0F64520D65}.Release|x86.Build.0 = Release|Win32
	EndGlobalSection
	GlobalSection(SolutionProperties) = preSolution
		HideSolutionNode = FALSE
	EndGlobalSection
	GlobalSection(ExtensibilityGlobals) = postSolution
		SolutionGuid = {5DB78D1C-4706-45DB-B3AC-644D03A5AF00}
	EndGlobalSection
EndGlobal
